
Microsoft Visual Studio Solution File, Format Version 12.00
# Visual Studio Version 17
VisualStudioVersion = 17.14.36603.0 d17.14
MinimumVisualStudioVersion = 10.0.40219.1
Project("{FAE04EC0-301F-11D3-BF4B-00C04F79EFBC}") = "04_EjStrContarDigitos", "04_EjStrContarDigitos.csproj", "{3680FD8A-D5FB-4376-8B79-6CBB3E8EF0EB}"
EndProject
Global
	GlobalSection(SolutionConfigurationPlatforms) = preSolution
		Debug|Any CPU = Debug|Any CPU
		Release|Any CPU = Release|Any CPU
	EndGlobalSection
	GlobalSection(ProjectConfigurationPlatforms) = postSolution
		{3680FD8A-D5FB-4376-8B79-6CBB3E8EF0EB}.Debug|Any CPU.ActiveCfg = Debug|Any CPU
		{3680FD8A-D5FB-4376-8B79-6CBB3E8EF0EB}.Debug|Any CPU.Build.0 = Debug|Any CPU
		{3680FD8A-D5FB-4376-8B79-6CBB3E8EF0EB}.Release|Any CPU.ActiveCfg = Release|Any CPU
		{3680FD8A-D5FB-4376-8B79-6CBB3E8EF0EB}.Release|Any CPU.Build.0 = Release|Any CPU
	EndGlobalSection
	GlobalSection(SolutionProperties) = preSolution
		HideSolutionNode = FALSE
	EndGlobalSection
	GlobalSection(ExtensibilityGlobals) = postSolution
		SolutionGuid = {A3643E5D-2649-4C5C-9013-1791646D0A0D}
	EndGlobalSection
EndGlobal
