
Microsoft Visual Studio Solution File, Format Version 12.00
# Visual Studio Version 17
VisualStudioVersion = 17.14.36705.20 d17.14
MinimumVisualStudioVersion = 10.0.40219.1
Project("{FAE04EC0-301F-11D3-BF4B-00C04F79EFBC}") = "APIPrueba", "APIPrueba.csproj", "{F36313EB-B670-4CE9-B275-747B8307E919}"
EndProject
Global
	GlobalSection(SolutionConfigurationPlatforms) = preSolution
		Debug|Any CPU = Debug|Any CPU
		Release|Any CPU = Release|Any CPU
	EndGlobalSection
	GlobalSection(ProjectConfigurationPlatforms) = postSolution
		{F36313EB-B670-4CE9-B275-747B8307E919}.Debug|Any CPU.ActiveCfg = Debug|Any CPU
		{F36313EB-B670-4CE9-B275-747B8307E919}.Debug|Any CPU.Build.0 = Debug|Any CPU
		{F36313EB-B670-4CE9-B275-747B8307E919}.Release|Any CPU.ActiveCfg = Release|Any CPU
		{F36313EB-B670-4CE9-B275-747B8307E919}.Release|Any CPU.Build.0 = Release|Any CPU
	EndGlobalSection
	GlobalSection(SolutionProperties) = preSolution
		HideSolutionNode = FALSE
	EndGlobalSection
	GlobalSection(ExtensibilityGlobals) = postSolution
		SolutionGuid = {ED0E4764-01EB-4650-AA7C-C166966BB9FD}
	EndGlobalSection
EndGlobal
