
Microsoft Visual Studio Solution File, Format Version 12.00
# Visual Studio Version 17
VisualStudioVersion = 17.14.36616.10 d17.14
MinimumVisualStudioVersion = 10.0.40219.1
Project("{FAE04EC0-301F-11D3-BF4B-00C04F79EFBC}") = "Extra2Ej5FHCreateRead", "Extra2Ej5FHCreateRead.csproj", "{CC6CC203-EA40-4706-9094-90F5F4E3019E}"
EndProject
Global
	GlobalSection(SolutionConfigurationPlatforms) = preSolution
		Debug|Any CPU = Debug|Any CPU
		Release|Any CPU = Release|Any CPU
	EndGlobalSection
	GlobalSection(ProjectConfigurationPlatforms) = postSolution
		{CC6CC203-EA40-4706-9094-90F5F4E3019E}.Debug|Any CPU.ActiveCfg = Debug|Any CPU
		{CC6CC203-EA40-4706-9094-90F5F4E3019E}.Debug|Any CPU.Build.0 = Debug|Any CPU
		{CC6CC203-EA40-4706-9094-90F5F4E3019E}.Release|Any CPU.ActiveCfg = Release|Any CPU
		{CC6CC203-EA40-4706-9094-90F5F4E3019E}.Release|Any CPU.Build.0 = Release|Any CPU
	EndGlobalSection
	GlobalSection(SolutionProperties) = preSolution
		HideSolutionNode = FALSE
	EndGlobalSection
	GlobalSection(ExtensibilityGlobals) = postSolution
		SolutionGuid = {FEAC1081-D5C0-4646-8325-A813787664FF}
	EndGlobalSection
EndGlobal
