
Microsoft Visual Studio Solution File, Format Version 12.00
# Visual Studio Version 17
VisualStudioVersion = 17.14.36705.20 d17.14
MinimumVisualStudioVersion = 10.0.40219.1
Project("{FAE04EC0-301F-11D3-BF4B-00C04F79EFBC}") = "APIDigimon", "APIDigimon.csproj", "{0852C092-8437-4C69-AB3A-83FECA03F8CB}"
EndProject
Global
	GlobalSection(SolutionConfigurationPlatforms) = preSolution
		Debug|Any CPU = Debug|Any CPU
		Release|Any CPU = Release|Any CPU
	EndGlobalSection
	GlobalSection(ProjectConfigurationPlatforms) = postSolution
		{0852C092-8437-4C69-AB3A-83FECA03F8CB}.Debug|Any CPU.ActiveCfg = Debug|Any CPU
		{0852C092-8437-4C69-AB3A-83FECA03F8CB}.Debug|Any CPU.Build.0 = Debug|Any CPU
		{0852C092-8437-4C69-AB3A-83FECA03F8CB}.Release|Any CPU.ActiveCfg = Release|Any CPU
		{0852C092-8437-4C69-AB3A-83FECA03F8CB}.Release|Any CPU.Build.0 = Release|Any CPU
	EndGlobalSection
	GlobalSection(SolutionProperties) = preSolution
		HideSolutionNode = FALSE
	EndGlobalSection
	GlobalSection(ExtensibilityGlobals) = postSolution
		SolutionGuid = {DA861078-0679-4976-BBE4-E0D0D8E5F92F}
	EndGlobalSection
EndGlobal
