
Microsoft Visual Studio Solution File, Format Version 12.00
# Visual Studio Version 17
VisualStudioVersion = 17.14.36616.10 d17.14
MinimumVisualStudioVersion = 10.0.40219.1
Project("{FAE04EC0-301F-11D3-BF4B-00C04F79EFBC}") = "07_Ej1FileHandling", "07_Ej1FileHandling.csproj", "{BE12F9F0-BBD4-42BD-BC50-93F8F4529868}"
EndProject
Global
	GlobalSection(SolutionConfigurationPlatforms) = preSolution
		Debug|Any CPU = Debug|Any CPU
		Release|Any CPU = Release|Any CPU
	EndGlobalSection
	GlobalSection(ProjectConfigurationPlatforms) = postSolution
		{BE12F9F0-BBD4-42BD-BC50-93F8F4529868}.Debug|Any CPU.ActiveCfg = Debug|Any CPU
		{BE12F9F0-BBD4-42BD-BC50-93F8F4529868}.Debug|Any CPU.Build.0 = Debug|Any CPU
		{BE12F9F0-BBD4-42BD-BC50-93F8F4529868}.Release|Any CPU.ActiveCfg = Release|Any CPU
		{BE12F9F0-BBD4-42BD-BC50-93F8F4529868}.Release|Any CPU.Build.0 = Release|Any CPU
	EndGlobalSection
	GlobalSection(SolutionProperties) = preSolution
		HideSolutionNode = FALSE
	EndGlobalSection
	GlobalSection(ExtensibilityGlobals) = postSolution
		SolutionGuid = {CA7E5203-F91C-4F94-8C09-BA0C6968ACED}
	EndGlobalSection
EndGlobal
