
Microsoft Visual Studio Solution File, Format Version 12.00
# Visual Studio Version 17
VisualStudioVersion = 17.14.36616.10 d17.14
MinimumVisualStudioVersion = 10.0.40219.1
Project("{FAE04EC0-301F-11D3-BF4B-00C04F79EFBC}") = "ProyectoAPI", "ProyectoAPI.csproj", "{E35F4260-AAF5-4CBF-8FFD-EB94BFF74035}"
EndProject
Global
	GlobalSection(SolutionConfigurationPlatforms) = preSolution
		Debug|Any CPU = Debug|Any CPU
		Release|Any CPU = Release|Any CPU
	EndGlobalSection
	GlobalSection(ProjectConfigurationPlatforms) = postSolution
		{E35F4260-AAF5-4CBF-8FFD-EB94BFF74035}.Debug|Any CPU.ActiveCfg = Debug|Any CPU
		{E35F4260-AAF5-4CBF-8FFD-EB94BFF74035}.Debug|Any CPU.Build.0 = Debug|Any CPU
		{E35F4260-AAF5-4CBF-8FFD-EB94BFF74035}.Release|Any CPU.ActiveCfg = Release|Any CPU
		{E35F4260-AAF5-4CBF-8FFD-EB94BFF74035}.Release|Any CPU.Build.0 = Release|Any CPU
	EndGlobalSection
	GlobalSection(SolutionProperties) = preSolution
		HideSolutionNode = FALSE
	EndGlobalSection
	GlobalSection(ExtensibilityGlobals) = postSolution
		SolutionGuid = {BB29960B-7ADA-41E6-A2F3-311CEE6005A9}
	EndGlobalSection
EndGlobal
