Microsoft Visual Studio Solution File, Format Version 12.00
# Visual Studio Version 17
VisualStudioVersion = 17.5.2.0
MinimumVisualStudioVersion = 10.0.40219.1
Project("{FAE04EC0-301F-11D3-BF4B-00C04F79EFBC}") = "APICountriesIA", "APICountriesIA.csproj", "{2F84A70B-603F-6C0F-B524-4E61947368B1}"
EndProject
Global
	GlobalSection(SolutionConfigurationPlatforms) = preSolution
		Debug|Any CPU = Debug|Any CPU
		Release|Any CPU = Release|Any CPU
	EndGlobalSection
	GlobalSection(ProjectConfigurationPlatforms) = postSolution
		{2F84A70B-603F-6C0F-B524-4E61947368B1}.Debug|Any CPU.ActiveCfg = Debug|Any CPU
		{2F84A70B-603F-6C0F-B524-4E61947368B1}.Debug|Any CPU.Build.0 = Debug|Any CPU
		{2F84A70B-603F-6C0F-B524-4E61947368B1}.Release|Any CPU.ActiveCfg = Release|Any CPU
		{2F84A70B-603F-6C0F-B524-4E61947368B1}.Release|Any CPU.Build.0 = Release|Any CPU
	EndGlobalSection
	GlobalSection(SolutionProperties) = preSolution
		HideSolutionNode = FALSE
	EndGlobalSection
	GlobalSection(ExtensibilityGlobals) = postSolution
		SolutionGuid = {190D889C-6B15-49F3-8C02-DBC2DC30CF18}
	EndGlobalSection
EndGlobal
