
Microsoft Visual Studio Solution File, Format Version 12.00
# Visual Studio Version 17
VisualStudioVersion = 17.14.36705.20 d17.14
MinimumVisualStudioVersion = 10.0.40219.1
Project("{FAE04EC0-301F-11D3-BF4B-00C04F79EFBC}") = "CursoIA_APIS", "CursoIA_APIS.csproj", "{501D335E-6306-4929-9658-15DB32BE2001}"
EndProject
Global
	GlobalSection(SolutionConfigurationPlatforms) = preSolution
		Debug|Any CPU = Debug|Any CPU
		Release|Any CPU = Release|Any CPU
	EndGlobalSection
	GlobalSection(ProjectConfigurationPlatforms) = postSolution
		{501D335E-6306-4929-9658-15DB32BE2001}.Debug|Any CPU.ActiveCfg = Debug|Any CPU
		{501D335E-6306-4929-9658-15DB32BE2001}.Debug|Any CPU.Build.0 = Debug|Any CPU
		{501D335E-6306-4929-9658-15DB32BE2001}.Release|Any CPU.ActiveCfg = Release|Any CPU
		{501D335E-6306-4929-9658-15DB32BE2001}.Release|Any CPU.Build.0 = Release|Any CPU
	EndGlobalSection
	GlobalSection(SolutionProperties) = preSolution
		HideSolutionNode = FALSE
	EndGlobalSection
	GlobalSection(ExtensibilityGlobals) = postSolution
		SolutionGuid = {81D617B4-5AF8-4475-885A-86C2063366FF}
	EndGlobalSection
EndGlobal
